
Microsoft Visual Studio Solution File, Format Version 12.00
# Visual Studio Version 17
VisualStudioVersion = 17.10.34916.146
MinimumVisualStudioVersion = 10.0.40219.1
Project("{FAE04EC0-301F-11D3-BF4B-00C04F79EFBC}") = "CompanyJSL", "CompanyJSL\CompanyJSL.csproj", "{802EBA94-3CC7-444E-854A-186E467E9582}"
EndProject
Global
	GlobalSection(SolutionConfigurationPlatforms) = preSolution
		Debug|Any CPU = Debug|Any CPU
		Release|Any CPU = Release|Any CPU
	EndGlobalSection
	GlobalSection(ProjectConfigurationPlatforms) = postSolution
		{802EBA94-3CC7-444E-854A-186E467E9582}.Debug|Any CPU.ActiveCfg = Debug|Any CPU
		{802EBA94-3CC7-444E-854A-186E467E9582}.Debug|Any CPU.Build.0 = Debug|Any CPU
		{802EBA94-3CC7-444E-854A-186E467E9582}.Release|Any CPU.ActiveCfg = Release|Any CPU
		{802EBA94-3CC7-444E-854A-186E467E9582}.Release|Any CPU.Build.0 = Release|Any CPU
	EndGlobalSection
	GlobalSection(SolutionProperties) = preSolution
		HideSolutionNode = FALSE
	EndGlobalSection
	GlobalSection(ExtensibilityGlobals) = postSolution
		SolutionGuid = {A9128ED6-EFFF-40B2-B64B-6BFE1D235725}
	EndGlobalSection
EndGlobal
